// !$*UTF8*$!
{
	archiveVersion = 1;
	classes = {
	};
	objectVersion = 46;
	objects = {

/* Begin PBXBuildFile section */
		BA23DB2D1F1356E300939AA8 /* HAHGlobalExtern.m in Sources */ = {isa = PBXBuildFile; fileRef = BA23DB2C1F1356E300939AA8 /* HAHGlobalExtern.m */; };
		BA23DB361F136E4100939AA8 /* GDataXMLNode.m in Sources */ = {isa = PBXBuildFile; fileRef = BA23DB311F136E4100939AA8 /* GDataXMLNode.m */; };
		BA6AFD171F2DBCAF0020BCDD /* HAHCustomizeParser.m in Sources */ = {isa = PBXBuildFile; fileRef = BA6AFD161F2DBCAF0020BCDD /* HAHCustomizeParser.m */; };
		BA6AFD1B1F2DF2160020BCDD /* HAHEditViewController.m in Sources */ = {isa = PBXBuildFile; fileRef = BA6AFD1A1F2DF2160020BCDD /* HAHEditViewController.m */; };
		BA6AFD1E1F2DF22C0020BCDD /* HAHTableColumn.m in Sources */ = {isa = PBXBuildFile; fileRef = BA6AFD1D1F2DF22C0020BCDD /* HAHTableColumn.m */; };
		BA6AFD211F2E08D00020BCDD /* HAHTableViewCell.m in Sources */ = {isa = PBXBuildFile; fileRef = BA6AFD201F2E08D00020BCDD /* HAHTableViewCell.m */; };
		BA74317D1F3058C500713EA6 /* NSColor_HAH.m in Sources */ = {isa = PBXBuildFile; fileRef = BA74317C1F3058C500713EA6 /* NSColor_HAH.m */; };
		BA74317F1F3072AD00713EA6 /* HAHTableViewCell.xib in Resources */ = {isa = PBXBuildFile; fileRef = BA74317E1F3072AD00713EA6 /* HAHTableViewCell.xib */; };
		BA7BE3471F1A191300451762 /* HAHBrowserManager.m in Sources */ = {isa = PBXBuildFile; fileRef = BA7BE3451F1A191300451762 /* HAHBrowserManager.m */; };
		BA7BE3481F1A191300451762 /* HAHBrowserManager.xib in Resources */ = {isa = PBXBuildFile; fileRef = BA7BE3461F1A191300451762 /* HAHBrowserManager.xib */; };
		BA7BE34B1F1A295400451762 /* HAHWindowControllerManager.m in Sources */ = {isa = PBXBuildFile; fileRef = BA7BE34A1F1A295400451762 /* HAHWindowControllerManager.m */; };
		BA7BE3541F1A4B6400451762 /* NSView_HAH.m in Sources */ = {isa = PBXBuildFile; fileRef = BA7BE3531F1A4B6400451762 /* NSView_HAH.m */; };
		BA7BE3571F1A4E0900451762 /* NSWindow_HAH.m in Sources */ = {isa = PBXBuildFile; fileRef = BA7BE3561F1A4E0900451762 /* NSWindow_HAH.m */; };
		BA7BE35C1F1A5BE200451762 /* NSTextField_HAH.m in Sources */ = {isa = PBXBuildFile; fileRef = BA7BE35B1F1A5BE200451762 /* NSTextField_HAH.m */; };
		BA7BE3621F1B23E000451762 /* HAHView.m in Sources */ = {isa = PBXBuildFile; fileRef = BA7BE3611F1B23E000451762 /* HAHView.m */; };
		BA7BE3651F1B240100451762 /* HAHModelConfigView.m in Sources */ = {isa = PBXBuildFile; fileRef = BA7BE3641F1B240100451762 /* HAHModelConfigView.m */; };
		BA7BE36C1F1BB65900451762 /* HAHPageCollectionViewItem.m in Sources */ = {isa = PBXBuildFile; fileRef = BA7BE36A1F1BB65900451762 /* HAHPageCollectionViewItem.m */; };
		BA7BE36D1F1BB65900451762 /* HAHPageCollectionViewItem.xib in Resources */ = {isa = PBXBuildFile; fileRef = BA7BE36B1F1BB65900451762 /* HAHPageCollectionViewItem.xib */; };
		BA7BE3711F1BB92600451762 /* NSString_HAH.m in Sources */ = {isa = PBXBuildFile; fileRef = BA7BE3701F1BB92600451762 /* NSString_HAH.m */; };
		BA8038001F18FE7C00EE7A36 /* NSView+Extensions.m in Sources */ = {isa = PBXBuildFile; fileRef = BA8037FF1F18FE7C00EE7A36 /* NSView+Extensions.m */; };
		BA8038021F190F3A00EE7A36 /* Carbon.framework in Frameworks */ = {isa = PBXBuildFile; fileRef = BA8038011F190F3A00EE7A36 /* Carbon.framework */; };
		BA8F98DD1F11BDF700D16523 /* AppDelegate.m in Sources */ = {isa = PBXBuildFile; fileRef = BA8F98DC1F11BDF700D16523 /* AppDelegate.m */; };
		BA8F98E01F11BDF700D16523 /* main.m in Sources */ = {isa = PBXBuildFile; fileRef = BA8F98DF1F11BDF700D16523 /* main.m */; };
		BA8F98E51F11BDF700D16523 /* Assets.xcassets in Resources */ = {isa = PBXBuildFile; fileRef = BA8F98E41F11BDF700D16523 /* Assets.xcassets */; };
		BA8F98E81F11BDF700D16523 /* Main.storyboard in Resources */ = {isa = PBXBuildFile; fileRef = BA8F98E61F11BDF700D16523 /* Main.storyboard */; };
		BA8F98FD1F1245DC00D16523 /* libxml2.tbd in Frameworks */ = {isa = PBXBuildFile; fileRef = BA8F98F91F12456E00D16523 /* libxml2.tbd */; };
		BA8F990C1F12688A00D16523 /* HAHEntityModel.m in Sources */ = {isa = PBXBuildFile; fileRef = BA8F99061F12688A00D16523 /* HAHEntityModel.m */; };
		BA8F99111F12690500D16523 /* HAHViewController.m in Sources */ = {isa = PBXBuildFile; fileRef = BA8F99101F12690500D16523 /* HAHViewController.m */; };
		BA8F99141F12691F00D16523 /* HAHHomeViewController.m in Sources */ = {isa = PBXBuildFile; fileRef = BA8F99131F12691F00D16523 /* HAHHomeViewController.m */; };
		BA8F99191F126F0700D16523 /* HAHDataManager.m in Sources */ = {isa = PBXBuildFile; fileRef = BA8F99181F126F0700D16523 /* HAHDataManager.m */; };
		BAB76ADA1FB4579A0069F670 /* HAHConfigurationFile.m in Sources */ = {isa = PBXBuildFile; fileRef = BAB76AD31FB4579A0069F670 /* HAHConfigurationFile.m */; };
		BAB76ADB1FB4579A0069F670 /* HAHCustomizeFile.m in Sources */ = {isa = PBXBuildFile; fileRef = BAB76AD51FB4579A0069F670 /* HAHCustomizeFile.m */; };
		BAB76ADC1FB4579A0069F670 /* HAHFile.m in Sources */ = {isa = PBXBuildFile; fileRef = BAB76AD71FB4579A0069F670 /* HAHFile.m */; };
		BAB76ADD1FB4579A0069F670 /* HAHGroupFile.m in Sources */ = {isa = PBXBuildFile; fileRef = BAB76AD91FB4579A0069F670 /* HAHGroupFile.m */; };
		BAD6BEF01F52F35D00C34C4F /* HAHConfigManager.m in Sources */ = {isa = PBXBuildFile; fileRef = BAD6BEEF1F52F35D00C34C4F /* HAHConfigManager.m */; };
		BAD6BEF31F52F57A00C34C4F /* HAHManager.m in Sources */ = {isa = PBXBuildFile; fileRef = BAD6BEF21F52F57A00C34C4F /* HAHManager.m */; };
		BAD6BEF61F52FD3400C34C4F /* modelConfigMap.plist in Resources */ = {isa = PBXBuildFile; fileRef = BAD6BEF51F52FD3400C34C4F /* modelConfigMap.plist */; };
		BAD86E4F1F9878B800D19966 /* Aspects.m in Sources */ = {isa = PBXBuildFile; fileRef = BAD86E4E1F9878B800D19966 /* Aspects.m */; };
		BAD86E531F987FB700D19966 /* NSObject_HAH.m in Sources */ = {isa = PBXBuildFile; fileRef = BAD86E521F987FB700D19966 /* NSObject_HAH.m */; };
		BAD86E541F99C1E300D19966 /* Foundation_Log.m in Sources */ = {isa = PBXBuildFile; fileRef = BA7BE34E1F1A4B2300451762 /* Foundation_Log.m */; };
		BAEECA7D1F137D4A0099000C /* NMSSH.framework in Frameworks */ = {isa = PBXBuildFile; fileRef = BAEECA7A1F137D3C0099000C /* NMSSH.framework */; };
		BAEECA811F146D740099000C /* HAHConsoleManager.m in Sources */ = {isa = PBXBuildFile; fileRef = BAEECA7F1F146D740099000C /* HAHConsoleManager.m */; };
		BAEECA821F146D740099000C /* HAHConsoleManager.xib in Resources */ = {isa = PBXBuildFile; fileRef = BAEECA801F146D740099000C /* HAHConsoleManager.xib */; };
		BAEECA861F14AD4B0099000C /* HAHGroupModel.m in Sources */ = {isa = PBXBuildFile; fileRef = BAEECA851F14AD4B0099000C /* HAHGroupModel.m */; };
		BAEECA891F14AD6B0099000C /* HAHPageModel.m in Sources */ = {isa = PBXBuildFile; fileRef = BAEECA881F14AD6B0099000C /* HAHPageModel.m */; };
		BAEECA8C1F14AD7C0099000C /* HAHModel.m in Sources */ = {isa = PBXBuildFile; fileRef = BAEECA8B1F14AD7C0099000C /* HAHModel.m */; };
		BAEECA911F14C50F0099000C /* HAHParser.m in Sources */ = {isa = PBXBuildFile; fileRef = BAEECA901F14C50F0099000C /* HAHParser.m */; };
		BAEECA941F14C5960099000C /* HAHEntityParser.m in Sources */ = {isa = PBXBuildFile; fileRef = BAEECA931F14C5960099000C /* HAHEntityParser.m */; };
		BAEECA971F14C7830099000C /* HAHPageParser.m in Sources */ = {isa = PBXBuildFile; fileRef = BAEECA961F14C7830099000C /* HAHPageParser.m */; };
		BAEECA9A1F14C7920099000C /* HAHConfigParser.m in Sources */ = {isa = PBXBuildFile; fileRef = BAEECA991F14C7920099000C /* HAHConfigParser.m */; };
/* End PBXBuildFile section */

/* Begin PBXContainerItemProxy section */
		BAEECA791F137D3C0099000C /* PBXContainerItemProxy */ = {
			isa = PBXContainerItemProxy;
			containerPortal = BAEECA751F137D3C0099000C /* NMSSH.xcodeproj */;
			proxyType = 2;
			remoteGlobalIDString = E4E96D84158E10FD002E6E0A;
			remoteInfo = NMSSH;
		};
		BAEECA7B1F137D450099000C /* PBXContainerItemProxy */ = {
			isa = PBXContainerItemProxy;
			containerPortal = BAEECA751F137D3C0099000C /* NMSSH.xcodeproj */;
			proxyType = 1;
			remoteGlobalIDString = E4E96D83158E10FD002E6E0A;
			remoteInfo = NMSSH;
		};
/* End PBXContainerItemProxy section */

/* Begin PBXFileReference section */
		BA23DB2B1F1356E300939AA8 /* HAHGlobalExtern.h */ = {isa = PBXFileReference; fileEncoding = 4; lastKnownFileType = sourcecode.c.h; path = HAHGlobalExtern.h; sourceTree = "<group>"; };
		BA23DB2C1F1356E300939AA8 /* HAHGlobalExtern.m */ = {isa = PBXFileReference; fileEncoding = 4; lastKnownFileType = sourcecode.c.objc; path = HAHGlobalExtern.m; sourceTree = "<group>"; };
		BA23DB301F136E4100939AA8 /* GDataXMLNode.h */ = {isa = PBXFileReference; fileEncoding = 4; lastKnownFileType = sourcecode.c.h; path = GDataXMLNode.h; sourceTree = "<group>"; };
		BA23DB311F136E4100939AA8 /* GDataXMLNode.m */ = {isa = PBXFileReference; fileEncoding = 4; lastKnownFileType = sourcecode.c.objc; path = GDataXMLNode.m; sourceTree = "<group>"; };
		BA6AFD151F2DBCAF0020BCDD /* HAHCustomizeParser.h */ = {isa = PBXFileReference; fileEncoding = 4; lastKnownFileType = sourcecode.c.h; path = HAHCustomizeParser.h; sourceTree = "<group>"; };
		BA6AFD161F2DBCAF0020BCDD /* HAHCustomizeParser.m */ = {isa = PBXFileReference; fileEncoding = 4; lastKnownFileType = sourcecode.c.objc; path = HAHCustomizeParser.m; sourceTree = "<group>"; };
		BA6AFD191F2DF2160020BCDD /* HAHEditViewController.h */ = {isa = PBXFileReference; fileEncoding = 4; lastKnownFileType = sourcecode.c.h; path = HAHEditViewController.h; sourceTree = "<group>"; };
		BA6AFD1A1F2DF2160020BCDD /* HAHEditViewController.m */ = {isa = PBXFileReference; fileEncoding = 4; lastKnownFileType = sourcecode.c.objc; path = HAHEditViewController.m; sourceTree = "<group>"; };
		BA6AFD1C1F2DF22C0020BCDD /* HAHTableColumn.h */ = {isa = PBXFileReference; fileEncoding = 4; lastKnownFileType = sourcecode.c.h; path = HAHTableColumn.h; sourceTree = "<group>"; };
		BA6AFD1D1F2DF22C0020BCDD /* HAHTableColumn.m */ = {isa = PBXFileReference; fileEncoding = 4; lastKnownFileType = sourcecode.c.objc; path = HAHTableColumn.m; sourceTree = "<group>"; };
		BA6AFD1F1F2E08D00020BCDD /* HAHTableViewCell.h */ = {isa = PBXFileReference; fileEncoding = 4; lastKnownFileType = sourcecode.c.h; path = HAHTableViewCell.h; sourceTree = "<group>"; };
		BA6AFD201F2E08D00020BCDD /* HAHTableViewCell.m */ = {isa = PBXFileReference; fileEncoding = 4; lastKnownFileType = sourcecode.c.objc; path = HAHTableViewCell.m; sourceTree = "<group>"; };
		BA74317B1F3058C500713EA6 /* NSColor_HAH.h */ = {isa = PBXFileReference; fileEncoding = 4; lastKnownFileType = sourcecode.c.h; path = NSColor_HAH.h; sourceTree = "<group>"; };
		BA74317C1F3058C500713EA6 /* NSColor_HAH.m */ = {isa = PBXFileReference; fileEncoding = 4; lastKnownFileType = sourcecode.c.objc; path = NSColor_HAH.m; sourceTree = "<group>"; };
		BA74317E1F3072AD00713EA6 /* HAHTableViewCell.xib */ = {isa = PBXFileReference; fileEncoding = 4; lastKnownFileType = file.xib; path = HAHTableViewCell.xib; sourceTree = "<group>"; };
		BA7BE3441F1A191300451762 /* HAHBrowserManager.h */ = {isa = PBXFileReference; fileEncoding = 4; lastKnownFileType = sourcecode.c.h; path = HAHBrowserManager.h; sourceTree = "<group>"; };
		BA7BE3451F1A191300451762 /* HAHBrowserManager.m */ = {isa = PBXFileReference; fileEncoding = 4; lastKnownFileType = sourcecode.c.objc; path = HAHBrowserManager.m; sourceTree = "<group>"; };
		BA7BE3461F1A191300451762 /* HAHBrowserManager.xib */ = {isa = PBXFileReference; fileEncoding = 4; lastKnownFileType = file.xib; path = HAHBrowserManager.xib; sourceTree = "<group>"; };
		BA7BE3491F1A295400451762 /* HAHWindowControllerManager.h */ = {isa = PBXFileReference; fileEncoding = 4; lastKnownFileType = sourcecode.c.h; path = HAHWindowControllerManager.h; sourceTree = "<group>"; };
		BA7BE34A1F1A295400451762 /* HAHWindowControllerManager.m */ = {isa = PBXFileReference; fileEncoding = 4; lastKnownFileType = sourcecode.c.objc; path = HAHWindowControllerManager.m; sourceTree = "<group>"; };
		BA7BE34E1F1A4B2300451762 /* Foundation_Log.m */ = {isa = PBXFileReference; fileEncoding = 4; lastKnownFileType = sourcecode.c.objc; path = Foundation_Log.m; sourceTree = "<group>"; };
		BA7BE3521F1A4B6400451762 /* NSView_HAH.h */ = {isa = PBXFileReference; fileEncoding = 4; lastKnownFileType = sourcecode.c.h; path = NSView_HAH.h; sourceTree = "<group>"; };
		BA7BE3531F1A4B6400451762 /* NSView_HAH.m */ = {isa = PBXFileReference; fileEncoding = 4; lastKnownFileType = sourcecode.c.objc; path = NSView_HAH.m; sourceTree = "<group>"; };
		BA7BE3551F1A4E0900451762 /* NSWindow_HAH.h */ = {isa = PBXFileReference; fileEncoding = 4; lastKnownFileType = sourcecode.c.h; path = NSWindow_HAH.h; sourceTree = "<group>"; };
		BA7BE3561F1A4E0900451762 /* NSWindow_HAH.m */ = {isa = PBXFileReference; fileEncoding = 4; lastKnownFileType = sourcecode.c.objc; path = NSWindow_HAH.m; sourceTree = "<group>"; };
		BA7BE35A1F1A5BE200451762 /* NSTextField_HAH.h */ = {isa = PBXFileReference; fileEncoding = 4; lastKnownFileType = sourcecode.c.h; path = NSTextField_HAH.h; sourceTree = "<group>"; };
		BA7BE35B1F1A5BE200451762 /* NSTextField_HAH.m */ = {isa = PBXFileReference; fileEncoding = 4; lastKnownFileType = sourcecode.c.objc; path = NSTextField_HAH.m; sourceTree = "<group>"; };
		BA7BE3601F1B23E000451762 /* HAHView.h */ = {isa = PBXFileReference; fileEncoding = 4; lastKnownFileType = sourcecode.c.h; path = HAHView.h; sourceTree = "<group>"; };
		BA7BE3611F1B23E000451762 /* HAHView.m */ = {isa = PBXFileReference; fileEncoding = 4; lastKnownFileType = sourcecode.c.objc; path = HAHView.m; sourceTree = "<group>"; };
		BA7BE3631F1B240100451762 /* HAHModelConfigView.h */ = {isa = PBXFileReference; fileEncoding = 4; lastKnownFileType = sourcecode.c.h; path = HAHModelConfigView.h; sourceTree = "<group>"; };
		BA7BE3641F1B240100451762 /* HAHModelConfigView.m */ = {isa = PBXFileReference; fileEncoding = 4; lastKnownFileType = sourcecode.c.objc; path = HAHModelConfigView.m; sourceTree = "<group>"; };
		BA7BE3691F1BB65900451762 /* HAHPageCollectionViewItem.h */ = {isa = PBXFileReference; fileEncoding = 4; lastKnownFileType = sourcecode.c.h; path = HAHPageCollectionViewItem.h; sourceTree = "<group>"; };
		BA7BE36A1F1BB65900451762 /* HAHPageCollectionViewItem.m */ = {isa = PBXFileReference; fileEncoding = 4; lastKnownFileType = sourcecode.c.objc; path = HAHPageCollectionViewItem.m; sourceTree = "<group>"; };
		BA7BE36B1F1BB65900451762 /* HAHPageCollectionViewItem.xib */ = {isa = PBXFileReference; fileEncoding = 4; lastKnownFileType = file.xib; path = HAHPageCollectionViewItem.xib; sourceTree = "<group>"; };
		BA7BE36F1F1BB92600451762 /* NSString_HAH.h */ = {isa = PBXFileReference; fileEncoding = 4; lastKnownFileType = sourcecode.c.h; path = NSString_HAH.h; sourceTree = "<group>"; };
		BA7BE3701F1BB92600451762 /* NSString_HAH.m */ = {isa = PBXFileReference; fileEncoding = 4; lastKnownFileType = sourcecode.c.objc; path = NSString_HAH.m; sourceTree = "<group>"; };
		BA8037FE1F18FE7C00EE7A36 /* NSView+Extensions.h */ = {isa = PBXFileReference; fileEncoding = 4; lastKnownFileType = sourcecode.c.h; path = "NSView+Extensions.h"; sourceTree = "<group>"; };
		BA8037FF1F18FE7C00EE7A36 /* NSView+Extensions.m */ = {isa = PBXFileReference; fileEncoding = 4; lastKnownFileType = sourcecode.c.objc; path = "NSView+Extensions.m"; sourceTree = "<group>"; };
		BA8038011F190F3A00EE7A36 /* Carbon.framework */ = {isa = PBXFileReference; lastKnownFileType = wrapper.framework; name = Carbon.framework; path = System/Library/Frameworks/Carbon.framework; sourceTree = SDKROOT; };
		BA8F98D81F11BDF700D16523 /* HomeassistantHelper.app */ = {isa = PBXFileReference; explicitFileType = wrapper.application; includeInIndex = 0; path = HomeassistantHelper.app; sourceTree = BUILT_PRODUCTS_DIR; };
		BA8F98DB1F11BDF700D16523 /* AppDelegate.h */ = {isa = PBXFileReference; lastKnownFileType = sourcecode.c.h; path = AppDelegate.h; sourceTree = "<group>"; };
		BA8F98DC1F11BDF700D16523 /* AppDelegate.m */ = {isa = PBXFileReference; lastKnownFileType = sourcecode.c.objc; path = AppDelegate.m; sourceTree = "<group>"; };
		BA8F98DF1F11BDF700D16523 /* main.m */ = {isa = PBXFileReference; lastKnownFileType = sourcecode.c.objc; path = main.m; sourceTree = "<group>"; };
		BA8F98E41F11BDF700D16523 /* Assets.xcassets */ = {isa = PBXFileReference; lastKnownFileType = folder.assetcatalog; path = Assets.xcassets; sourceTree = "<group>"; };
		BA8F98E71F11BDF700D16523 /* Base */ = {isa = PBXFileReference; lastKnownFileType = file.storyboard; name = Base; path = Base.lproj/Main.storyboard; sourceTree = "<group>"; };
		BA8F98E91F11BDF700D16523 /* Info.plist */ = {isa = PBXFileReference; lastKnownFileType = text.plist.xml; path = Info.plist; sourceTree = "<group>"; };
		BA8F98F91F12456E00D16523 /* libxml2.tbd */ = {isa = PBXFileReference; lastKnownFileType = "sourcecode.text-based-dylib-definition"; name = libxml2.tbd; path = usr/lib/libxml2.tbd; sourceTree = SDKROOT; };
		BA8F98FB1F12458C00D16523 /* libxml2.2.tbd */ = {isa = PBXFileReference; lastKnownFileType = "sourcecode.text-based-dylib-definition"; name = libxml2.2.tbd; path = usr/lib/libxml2.2.tbd; sourceTree = SDKROOT; };
		BA8F99051F12688A00D16523 /* HAHEntityModel.h */ = {isa = PBXFileReference; fileEncoding = 4; lastKnownFileType = sourcecode.c.h; path = HAHEntityModel.h; sourceTree = "<group>"; };
		BA8F99061F12688A00D16523 /* HAHEntityModel.m */ = {isa = PBXFileReference; fileEncoding = 4; lastKnownFileType = sourcecode.c.objc; path = HAHEntityModel.m; sourceTree = "<group>"; };
		BA8F990F1F12690500D16523 /* HAHViewController.h */ = {isa = PBXFileReference; fileEncoding = 4; lastKnownFileType = sourcecode.c.h; path = HAHViewController.h; sourceTree = "<group>"; };
		BA8F99101F12690500D16523 /* HAHViewController.m */ = {isa = PBXFileReference; fileEncoding = 4; lastKnownFileType = sourcecode.c.objc; path = HAHViewController.m; sourceTree = "<group>"; };
		BA8F99121F12691F00D16523 /* HAHHomeViewController.h */ = {isa = PBXFileReference; fileEncoding = 4; lastKnownFileType = sourcecode.c.h; path = HAHHomeViewController.h; sourceTree = "<group>"; };
		BA8F99131F12691F00D16523 /* HAHHomeViewController.m */ = {isa = PBXFileReference; fileEncoding = 4; lastKnownFileType = sourcecode.c.objc; path = HAHHomeViewController.m; sourceTree = "<group>"; };
		BA8F99171F126F0700D16523 /* HAHDataManager.h */ = {isa = PBXFileReference; fileEncoding = 4; lastKnownFileType = sourcecode.c.h; path = HAHDataManager.h; sourceTree = "<group>"; };
		BA8F99181F126F0700D16523 /* HAHDataManager.m */ = {isa = PBXFileReference; fileEncoding = 4; lastKnownFileType = sourcecode.c.objc; path = HAHDataManager.m; sourceTree = "<group>"; };
		BA8F991B1F12768300D16523 /* HAHDefine.h */ = {isa = PBXFileReference; lastKnownFileType = sourcecode.c.h; path = HAHDefine.h; sourceTree = "<group>"; };
		BA8F991C1F12769400D16523 /* PrefixHeader.pch */ = {isa = PBXFileReference; lastKnownFileType = sourcecode.c.h; path = PrefixHeader.pch; sourceTree = "<group>"; };
		BAB76AD21FB4579A0069F670 /* HAHConfigurationFile.h */ = {isa = PBXFileReference; fileEncoding = 4; lastKnownFileType = sourcecode.c.h; path = HAHConfigurationFile.h; sourceTree = "<group>"; };
		BAB76AD31FB4579A0069F670 /* HAHConfigurationFile.m */ = {isa = PBXFileReference; fileEncoding = 4; lastKnownFileType = sourcecode.c.objc; path = HAHConfigurationFile.m; sourceTree = "<group>"; };
		BAB76AD41FB4579A0069F670 /* HAHCustomizeFile.h */ = {isa = PBXFileReference; fileEncoding = 4; lastKnownFileType = sourcecode.c.h; path = HAHCustomizeFile.h; sourceTree = "<group>"; };
		BAB76AD51FB4579A0069F670 /* HAHCustomizeFile.m */ = {isa = PBXFileReference; fileEncoding = 4; lastKnownFileType = sourcecode.c.objc; path = HAHCustomizeFile.m; sourceTree = "<group>"; };
		BAB76AD61FB4579A0069F670 /* HAHFile.h */ = {isa = PBXFileReference; fileEncoding = 4; lastKnownFileType = sourcecode.c.h; path = HAHFile.h; sourceTree = "<group>"; };
		BAB76AD71FB4579A0069F670 /* HAHFile.m */ = {isa = PBXFileReference; fileEncoding = 4; lastKnownFileType = sourcecode.c.objc; path = HAHFile.m; sourceTree = "<group>"; };
		BAB76AD81FB4579A0069F670 /* HAHGroupFile.h */ = {isa = PBXFileReference; fileEncoding = 4; lastKnownFileType = sourcecode.c.h; path = HAHGroupFile.h; sourceTree = "<group>"; };
		BAB76AD91FB4579A0069F670 /* HAHGroupFile.m */ = {isa = PBXFileReference; fileEncoding = 4; lastKnownFileType = sourcecode.c.objc; path = HAHGroupFile.m; sourceTree = "<group>"; };
		BAD6BEEE1F52F35D00C34C4F /* HAHConfigManager.h */ = {isa = PBXFileReference; fileEncoding = 4; lastKnownFileType = sourcecode.c.h; path = HAHConfigManager.h; sourceTree = "<group>"; };
		BAD6BEEF1F52F35D00C34C4F /* HAHConfigManager.m */ = {isa = PBXFileReference; fileEncoding = 4; lastKnownFileType = sourcecode.c.objc; path = HAHConfigManager.m; sourceTree = "<group>"; };
		BAD6BEF11F52F57A00C34C4F /* HAHManager.h */ = {isa = PBXFileReference; fileEncoding = 4; lastKnownFileType = sourcecode.c.h; path = HAHManager.h; sourceTree = "<group>"; };
		BAD6BEF21F52F57A00C34C4F /* HAHManager.m */ = {isa = PBXFileReference; fileEncoding = 4; lastKnownFileType = sourcecode.c.objc; path = HAHManager.m; sourceTree = "<group>"; };
		BAD6BEF51F52FD3400C34C4F /* modelConfigMap.plist */ = {isa = PBXFileReference; fileEncoding = 4; lastKnownFileType = text.plist.xml; path = modelConfigMap.plist; sourceTree = "<group>"; };
		BAD86E4D1F9878B800D19966 /* Aspects.h */ = {isa = PBXFileReference; fileEncoding = 4; lastKnownFileType = sourcecode.c.h; path = Aspects.h; sourceTree = "<group>"; };
		BAD86E4E1F9878B800D19966 /* Aspects.m */ = {isa = PBXFileReference; fileEncoding = 4; lastKnownFileType = sourcecode.c.objc; path = Aspects.m; sourceTree = "<group>"; };
		BAD86E511F987FB700D19966 /* NSObject_HAH.h */ = {isa = PBXFileReference; fileEncoding = 4; lastKnownFileType = sourcecode.c.h; path = NSObject_HAH.h; sourceTree = "<group>"; };
		BAD86E521F987FB700D19966 /* NSObject_HAH.m */ = {isa = PBXFileReference; fileEncoding = 4; lastKnownFileType = sourcecode.c.objc; path = NSObject_HAH.m; sourceTree = "<group>"; };
		BAEECA751F137D3C0099000C /* NMSSH.xcodeproj */ = {isa = PBXFileReference; lastKnownFileType = "wrapper.pb-project"; name = NMSSH.xcodeproj; path = NMSSH/NMSSH.xcodeproj; sourceTree = "<group>"; };
		BAEECA7E1F146D740099000C /* HAHConsoleManager.h */ = {isa = PBXFileReference; fileEncoding = 4; lastKnownFileType = sourcecode.c.h; path = HAHConsoleManager.h; sourceTree = "<group>"; };
		BAEECA7F1F146D740099000C /* HAHConsoleManager.m */ = {isa = PBXFileReference; fileEncoding = 4; lastKnownFileType = sourcecode.c.objc; path = HAHConsoleManager.m; sourceTree = "<group>"; };
		BAEECA801F146D740099000C /* HAHConsoleManager.xib */ = {isa = PBXFileReference; fileEncoding = 4; lastKnownFileType = file.xib; path = HAHConsoleManager.xib; sourceTree = "<group>"; };
		BAEECA841F14AD4B0099000C /* HAHGroupModel.h */ = {isa = PBXFileReference; fileEncoding = 4; lastKnownFileType = sourcecode.c.h; path = HAHGroupModel.h; sourceTree = "<group>"; };
		BAEECA851F14AD4B0099000C /* HAHGroupModel.m */ = {isa = PBXFileReference; fileEncoding = 4; lastKnownFileType = sourcecode.c.objc; path = HAHGroupModel.m; sourceTree = "<group>"; };
		BAEECA871F14AD6B0099000C /* HAHPageModel.h */ = {isa = PBXFileReference; fileEncoding = 4; lastKnownFileType = sourcecode.c.h; path = HAHPageModel.h; sourceTree = "<group>"; };
		BAEECA881F14AD6B0099000C /* HAHPageModel.m */ = {isa = PBXFileReference; fileEncoding = 4; lastKnownFileType = sourcecode.c.objc; path = HAHPageModel.m; sourceTree = "<group>"; };
		BAEECA8A1F14AD7C0099000C /* HAHModel.h */ = {isa = PBXFileReference; fileEncoding = 4; lastKnownFileType = sourcecode.c.h; path = HAHModel.h; sourceTree = "<group>"; };
		BAEECA8B1F14AD7C0099000C /* HAHModel.m */ = {isa = PBXFileReference; fileEncoding = 4; lastKnownFileType = sourcecode.c.objc; path = HAHModel.m; sourceTree = "<group>"; };
		BAEECA8F1F14C50F0099000C /* HAHParser.h */ = {isa = PBXFileReference; fileEncoding = 4; lastKnownFileType = sourcecode.c.h; path = HAHParser.h; sourceTree = "<group>"; };
		BAEECA901F14C50F0099000C /* HAHParser.m */ = {isa = PBXFileReference; fileEncoding = 4; lastKnownFileType = sourcecode.c.objc; path = HAHParser.m; sourceTree = "<group>"; };
		BAEECA921F14C5960099000C /* HAHEntityParser.h */ = {isa = PBXFileReference; fileEncoding = 4; lastKnownFileType = sourcecode.c.h; path = HAHEntityParser.h; sourceTree = "<group>"; };
		BAEECA931F14C5960099000C /* HAHEntityParser.m */ = {isa = PBXFileReference; fileEncoding = 4; lastKnownFileType = sourcecode.c.objc; path = HAHEntityParser.m; sourceTree = "<group>"; };
		BAEECA951F14C7830099000C /* HAHPageParser.h */ = {isa = PBXFileReference; fileEncoding = 4; lastKnownFileType = sourcecode.c.h; path = HAHPageParser.h; sourceTree = "<group>"; };
		BAEECA961F14C7830099000C /* HAHPageParser.m */ = {isa = PBXFileReference; fileEncoding = 4; lastKnownFileType = sourcecode.c.objc; path = HAHPageParser.m; sourceTree = "<group>"; };
		BAEECA981F14C7920099000C /* HAHConfigParser.h */ = {isa = PBXFileReference; fileEncoding = 4; lastKnownFileType = sourcecode.c.h; path = HAHConfigParser.h; sourceTree = "<group>"; };
		BAEECA991F14C7920099000C /* HAHConfigParser.m */ = {isa = PBXFileReference; fileEncoding = 4; lastKnownFileType = sourcecode.c.objc; path = HAHConfigParser.m; sourceTree = "<group>"; };
/* End PBXFileReference section */

/* Begin PBXFrameworksBuildPhase section */
		BA8F98D51F11BDF700D16523 /* Frameworks */ = {
			isa = PBXFrameworksBuildPhase;
			buildActionMask = 2147483647;
			files = (
				BA8038021F190F3A00EE7A36 /* Carbon.framework in Frameworks */,
				BAEECA7D1F137D4A0099000C /* NMSSH.framework in Frameworks */,
				BA8F98FD1F1245DC00D16523 /* libxml2.tbd in Frameworks */,
			);
			runOnlyForDeploymentPostprocessing = 0;
		};
/* End PBXFrameworksBuildPhase section */

/* Begin PBXGroup section */
		BA23DB2E1F136E4100939AA8 /* OpenSource */ = {
			isa = PBXGroup;
			children = (
				BAD86E4C1F9878B800D19966 /* Aspects */,
				BA8037FD1F18FE7C00EE7A36 /* NSViewExtensions */,
				BAEECA751F137D3C0099000C /* NMSSH.xcodeproj */,
				BA23DB2F1F136E4100939AA8 /* GDataXML */,
			);
			path = OpenSource;
			sourceTree = "<group>";
		};
		BA23DB2F1F136E4100939AA8 /* GDataXML */ = {
			isa = PBXGroup;
			children = (
				BA23DB301F136E4100939AA8 /* GDataXMLNode.h */,
				BA23DB311F136E4100939AA8 /* GDataXMLNode.m */,
			);
			path = GDataXML;
			sourceTree = "<group>";
		};
		BA50253D1F735BD800254C21 /* NSArray */ = {
			isa = PBXGroup;
			children = (
			);
			path = NSArray;
			sourceTree = "<group>";
		};
		BA6AFD181F2DF2160020BCDD /* HAHEditViewController */ = {
			isa = PBXGroup;
			children = (
				BA6AFD191F2DF2160020BCDD /* HAHEditViewController.h */,
				BA6AFD1A1F2DF2160020BCDD /* HAHEditViewController.m */,
				BA6AFD1C1F2DF22C0020BCDD /* HAHTableColumn.h */,
				BA6AFD1D1F2DF22C0020BCDD /* HAHTableColumn.m */,
				BA6AFD1F1F2E08D00020BCDD /* HAHTableViewCell.h */,
				BA6AFD201F2E08D00020BCDD /* HAHTableViewCell.m */,
				BA74317E1F3072AD00713EA6 /* HAHTableViewCell.xib */,
			);
			path = HAHEditViewController;
			sourceTree = "<group>";
		};
		BA74317A1F3058B300713EA6 /* NSColor */ = {
			isa = PBXGroup;
			children = (
				BA74317B1F3058C500713EA6 /* NSColor_HAH.h */,
				BA74317C1F3058C500713EA6 /* NSColor_HAH.m */,
			);
			path = NSColor;
			sourceTree = "<group>";
		};
		BA7BE34C1F1A4B2300451762 /* Category */ = {
			isa = PBXGroup;
			children = (
				BAD86E501F987FB700D19966 /* NSObject */,
				BA50253D1F735BD800254C21 /* NSArray */,
				BA74317A1F3058B300713EA6 /* NSColor */,
				BA7BE36E1F1BB91000451762 /* NSString */,
				BA7BE3591F1A5BD100451762 /* NSTextField */,
				BA7BE34D1F1A4B2300451762 /* Foundation_Log */,
				BA7BE34F1F1A4B2300451762 /* NSView */,
				BA7BE3501F1A4B2300451762 /* NSWindow */,
			);
			path = Category;
			sourceTree = "<group>";
		};
		BA7BE34D1F1A4B2300451762 /* Foundation_Log */ = {
			isa = PBXGroup;
			children = (
				BA7BE34E1F1A4B2300451762 /* Foundation_Log.m */,
			);
			path = Foundation_Log;
			sourceTree = "<group>";
		};
		BA7BE34F1F1A4B2300451762 /* NSView */ = {
			isa = PBXGroup;
			children = (
				BA7BE3521F1A4B6400451762 /* NSView_HAH.h */,
				BA7BE3531F1A4B6400451762 /* NSView_HAH.m */,
			);
			path = NSView;
			sourceTree = "<group>";
		};
		BA7BE3501F1A4B2300451762 /* NSWindow */ = {
			isa = PBXGroup;
			children = (
				BA7BE3551F1A4E0900451762 /* NSWindow_HAH.h */,
				BA7BE3561F1A4E0900451762 /* NSWindow_HAH.m */,
			);
			path = NSWindow;
			sourceTree = "<group>";
		};
		BA7BE3581F1A5B6A00451762 /* View */ = {
			isa = PBXGroup;
			children = (
				BA7BE3601F1B23E000451762 /* HAHView.h */,
				BA7BE3611F1B23E000451762 /* HAHView.m */,
				BA7BE3631F1B240100451762 /* HAHModelConfigView.h */,
				BA7BE3641F1B240100451762 /* HAHModelConfigView.m */,
				BA7BE3691F1BB65900451762 /* HAHPageCollectionViewItem.h */,
				BA7BE36A1F1BB65900451762 /* HAHPageCollectionViewItem.m */,
				BA7BE36B1F1BB65900451762 /* HAHPageCollectionViewItem.xib */,
			);
			path = View;
			sourceTree = "<group>";
		};
		BA7BE3591F1A5BD100451762 /* NSTextField */ = {
			isa = PBXGroup;
			children = (
				BA7BE35A1F1A5BE200451762 /* NSTextField_HAH.h */,
				BA7BE35B1F1A5BE200451762 /* NSTextField_HAH.m */,
			);
			path = NSTextField;
			sourceTree = "<group>";
		};
		BA7BE36E1F1BB91000451762 /* NSString */ = {
			isa = PBXGroup;
			children = (
				BA7BE36F1F1BB92600451762 /* NSString_HAH.h */,
				BA7BE3701F1BB92600451762 /* NSString_HAH.m */,
			);
			path = NSString;
			sourceTree = "<group>";
		};
		BA8037FD1F18FE7C00EE7A36 /* NSViewExtensions */ = {
			isa = PBXGroup;
			children = (
				BA8037FE1F18FE7C00EE7A36 /* NSView+Extensions.h */,
				BA8037FF1F18FE7C00EE7A36 /* NSView+Extensions.m */,
			);
			path = NSViewExtensions;
			sourceTree = "<group>";
		};
		BA8F98CF1F11BDF700D16523 = {
			isa = PBXGroup;
			children = (
				BA8F98DA1F11BDF700D16523 /* HomeassistantHelper */,
				BA8F98D91F11BDF700D16523 /* Products */,
				BA8F98F81F12456E00D16523 /* Frameworks */,
			);
			sourceTree = "<group>";
		};
		BA8F98D91F11BDF700D16523 /* Products */ = {
			isa = PBXGroup;
			children = (
				BA8F98D81F11BDF700D16523 /* HomeassistantHelper.app */,
			);
			name = Products;
			sourceTree = "<group>";
		};
		BA8F98DA1F11BDF700D16523 /* HomeassistantHelper */ = {
			isa = PBXGroup;
			children = (
				BA23DB2E1F136E4100939AA8 /* OpenSource */,
				BA8F991A1F12766500D16523 /* Definitions */,
				BA8F99041F12688A00D16523 /* Model */,
				BAB76AD11FB4579A0069F670 /* File */,
				BA8F99161F126EE300D16523 /* Manager */,
				BA7BE3581F1A5B6A00451762 /* View */,
				BA8F99071F12688A00D16523 /* ViewController */,
				BAEECA8D1F14C4FE0099000C /* Other */,
				BA8F98E41F11BDF700D16523 /* Assets.xcassets */,
				BAD6BEF41F52FD3400C34C4F /* Resource */,
				BA8F98E61F11BDF700D16523 /* Main.storyboard */,
				BA8F98E91F11BDF700D16523 /* Info.plist */,
				BA8F98DE1F11BDF700D16523 /* Supporting Files */,
			);
			path = HomeassistantHelper;
			sourceTree = "<group>";
		};
		BA8F98DE1F11BDF700D16523 /* Supporting Files */ = {
			isa = PBXGroup;
			children = (
				BA8F98DB1F11BDF700D16523 /* AppDelegate.h */,
				BA8F98DC1F11BDF700D16523 /* AppDelegate.m */,
				BA8F991C1F12769400D16523 /* PrefixHeader.pch */,
				BA8F98DF1F11BDF700D16523 /* main.m */,
			);
			name = "Supporting Files";
			sourceTree = "<group>";
		};
		BA8F98F81F12456E00D16523 /* Frameworks */ = {
			isa = PBXGroup;
			children = (
				BA8038011F190F3A00EE7A36 /* Carbon.framework */,
				BA8F98FB1F12458C00D16523 /* libxml2.2.tbd */,
				BA8F98F91F12456E00D16523 /* libxml2.tbd */,
			);
			name = Frameworks;
			sourceTree = "<group>";
		};
		BA8F99041F12688A00D16523 /* Model */ = {
			isa = PBXGroup;
			children = (
				BAEECA8A1F14AD7C0099000C /* HAHModel.h */,
				BAEECA8B1F14AD7C0099000C /* HAHModel.m */,
				BA8F99051F12688A00D16523 /* HAHEntityModel.h */,
				BA8F99061F12688A00D16523 /* HAHEntityModel.m */,
				BAEECA841F14AD4B0099000C /* HAHGroupModel.h */,
				BAEECA851F14AD4B0099000C /* HAHGroupModel.m */,
				BAEECA871F14AD6B0099000C /* HAHPageModel.h */,
				BAEECA881F14AD6B0099000C /* HAHPageModel.m */,
			);
			path = Model;
			sourceTree = "<group>";
		};
		BA8F99071F12688A00D16523 /* ViewController */ = {
			isa = PBXGroup;
			children = (
				BA6AFD181F2DF2160020BCDD /* HAHEditViewController */,
				BA8F990F1F12690500D16523 /* HAHViewController.h */,
				BA8F99101F12690500D16523 /* HAHViewController.m */,
				BA8F99121F12691F00D16523 /* HAHHomeViewController.h */,
				BA8F99131F12691F00D16523 /* HAHHomeViewController.m */,
			);
			path = ViewController;
			sourceTree = "<group>";
		};
		BA8F99161F126EE300D16523 /* Manager */ = {
			isa = PBXGroup;
			children = (
				BAD6BEF11F52F57A00C34C4F /* HAHManager.h */,
				BAD6BEF21F52F57A00C34C4F /* HAHManager.m */,
				BA8F99171F126F0700D16523 /* HAHDataManager.h */,
				BA8F99181F126F0700D16523 /* HAHDataManager.m */,
				BAD6BEEE1F52F35D00C34C4F /* HAHConfigManager.h */,
				BAD6BEEF1F52F35D00C34C4F /* HAHConfigManager.m */,
				BA7BE3491F1A295400451762 /* HAHWindowControllerManager.h */,
				BA7BE34A1F1A295400451762 /* HAHWindowControllerManager.m */,
				BAEECA7E1F146D740099000C /* HAHConsoleManager.h */,
				BAEECA7F1F146D740099000C /* HAHConsoleManager.m */,
				BAEECA801F146D740099000C /* HAHConsoleManager.xib */,
				BA7BE3441F1A191300451762 /* HAHBrowserManager.h */,
				BA7BE3451F1A191300451762 /* HAHBrowserManager.m */,
				BA7BE3461F1A191300451762 /* HAHBrowserManager.xib */,
			);
			path = Manager;
			sourceTree = "<group>";
		};
		BA8F991A1F12766500D16523 /* Definitions */ = {
			isa = PBXGroup;
			children = (
				BA8F991B1F12768300D16523 /* HAHDefine.h */,
				BA23DB2B1F1356E300939AA8 /* HAHGlobalExtern.h */,
				BA23DB2C1F1356E300939AA8 /* HAHGlobalExtern.m */,
			);
			path = Definitions;
			sourceTree = "<group>";
		};
		BAB76AD11FB4579A0069F670 /* File */ = {
			isa = PBXGroup;
			children = (
				BAB76AD21FB4579A0069F670 /* HAHConfigurationFile.h */,
				BAB76AD31FB4579A0069F670 /* HAHConfigurationFile.m */,
				BAB76AD41FB4579A0069F670 /* HAHCustomizeFile.h */,
				BAB76AD51FB4579A0069F670 /* HAHCustomizeFile.m */,
				BAB76AD61FB4579A0069F670 /* HAHFile.h */,
				BAB76AD71FB4579A0069F670 /* HAHFile.m */,
				BAB76AD81FB4579A0069F670 /* HAHGroupFile.h */,
				BAB76AD91FB4579A0069F670 /* HAHGroupFile.m */,
			);
			path = File;
			sourceTree = "<group>";
		};
		BAD6BEF41F52FD3400C34C4F /* Resource */ = {
			isa = PBXGroup;
			children = (
				BAD6BEF51F52FD3400C34C4F /* modelConfigMap.plist */,
			);
			path = Resource;
			sourceTree = "<group>";
		};
		BAD86E4C1F9878B800D19966 /* Aspects */ = {
			isa = PBXGroup;
			children = (
				BAD86E4D1F9878B800D19966 /* Aspects.h */,
				BAD86E4E1F9878B800D19966 /* Aspects.m */,
			);
			path = Aspects;
			sourceTree = "<group>";
		};
		BAD86E501F987FB700D19966 /* NSObject */ = {
			isa = PBXGroup;
			children = (
				BAD86E511F987FB700D19966 /* NSObject_HAH.h */,
				BAD86E521F987FB700D19966 /* NSObject_HAH.m */,
			);
			path = NSObject;
			sourceTree = "<group>";
		};
		BAEECA761F137D3C0099000C /* Products */ = {
			isa = PBXGroup;
			children = (
				BAEECA7A1F137D3C0099000C /* NMSSH.framework */,
			);
			name = Products;
			sourceTree = "<group>";
		};
		BAEECA8D1F14C4FE0099000C /* Other */ = {
			isa = PBXGroup;
			children = (
				BA7BE34C1F1A4B2300451762 /* Category */,
				BAEECA8E1F14C4FE0099000C /* Parser */,
			);
			path = Other;
			sourceTree = "<group>";
		};
		BAEECA8E1F14C4FE0099000C /* Parser */ = {
			isa = PBXGroup;
			children = (
				BAEECA8F1F14C50F0099000C /* HAHParser.h */,
				BAEECA901F14C50F0099000C /* HAHParser.m */,
				BAEECA921F14C5960099000C /* HAHEntityParser.h */,
				BAEECA931F14C5960099000C /* HAHEntityParser.m */,
				BAEECA951F14C7830099000C /* HAHPageParser.h */,
				BAEECA961F14C7830099000C /* HAHPageParser.m */,
				BAEECA981F14C7920099000C /* HAHConfigParser.h */,
				BAEECA991F14C7920099000C /* HAHConfigParser.m */,
				BA6AFD151F2DBCAF0020BCDD /* HAHCustomizeParser.h */,
				BA6AFD161F2DBCAF0020BCDD /* HAHCustomizeParser.m */,
			);
			path = Parser;
			sourceTree = "<group>";
		};
/* End PBXGroup section */

/* Begin PBXNativeTarget section */
		BA8F98D71F11BDF700D16523 /* HomeassistantHelper */ = {
			isa = PBXNativeTarget;
			buildConfigurationList = BA8F98EC1F11BDF700D16523 /* Build configuration list for PBXNativeTarget "HomeassistantHelper" */;
			buildPhases = (
				BA8F98D41F11BDF700D16523 /* Sources */,
				BA8F98D51F11BDF700D16523 /* Frameworks */,
				BA8F98D61F11BDF700D16523 /* Resources */,
			);
			buildRules = (
			);
			dependencies = (
				BAEECA7C1F137D450099000C /* PBXTargetDependency */,
			);
			name = HomeassistantHelper;
			productName = HomeassistantHelper;
			productReference = BA8F98D81F11BDF700D16523 /* HomeassistantHelper.app */;
			productType = "com.apple.product-type.application";
		};
/* End PBXNativeTarget section */

/* Begin PBXProject section */
		BA8F98D01F11BDF700D16523 /* Project object */ = {
			isa = PBXProject;
			attributes = {
				LastUpgradeCheck = 0900;
				ORGANIZATIONNAME = TozyZuo;
				TargetAttributes = {
					BA8F98D71F11BDF700D16523 = {
						CreatedOnToolsVersion = 8.3.3;
						ProvisioningStyle = Automatic;
					};
				};
			};
			buildConfigurationList = BA8F98D31F11BDF700D16523 /* Build configuration list for PBXProject "HomeassistantHelper" */;
			compatibilityVersion = "Xcode 3.2";
			developmentRegion = English;
			hasScannedForEncodings = 0;
			knownRegions = (
				en,
				Base,
			);
			mainGroup = BA8F98CF1F11BDF700D16523;
			productRefGroup = BA8F98D91F11BDF700D16523 /* Products */;
			projectDirPath = "";
			projectReferences = (
				{
					ProductGroup = BAEECA761F137D3C0099000C /* Products */;
					ProjectRef = BAEECA751F137D3C0099000C /* NMSSH.xcodeproj */;
				},
			);
			projectRoot = "";
			targets = (
				BA8F98D71F11BDF700D16523 /* HomeassistantHelper */,
			);
		};
/* End PBXProject section */

/* Begin PBXReferenceProxy section */
		BAEECA7A1F137D3C0099000C /* NMSSH.framework */ = {
			isa = PBXReferenceProxy;
			fileType = wrapper.framework;
			path = NMSSH.framework;
			remoteRef = BAEECA791F137D3C0099000C /* PBXContainerItemProxy */;
			sourceTree = BUILT_PRODUCTS_DIR;
		};
/* End PBXReferenceProxy section */

/* Begin PBXResourcesBuildPhase section */
		BA8F98D61F11BDF700D16523 /* Resources */ = {
			isa = PBXResourcesBuildPhase;
			buildActionMask = 2147483647;
			files = (
				BA8F98E51F11BDF700D16523 /* Assets.xcassets in Resources */,
				BA74317F1F3072AD00713EA6 /* HAHTableViewCell.xib in Resources */,
				BAEECA821F146D740099000C /* HAHConsoleManager.xib in Resources */,
				BAD6BEF61F52FD3400C34C4F /* modelConfigMap.plist in Resources */,
				BA7BE3481F1A191300451762 /* HAHBrowserManager.xib in Resources */,
				BA8F98E81F11BDF700D16523 /* Main.storyboard in Resources */,
				BA7BE36D1F1BB65900451762 /* HAHPageCollectionViewItem.xib in Resources */,
			);
			runOnlyForDeploymentPostprocessing = 0;
		};
/* End PBXResourcesBuildPhase section */

/* Begin PBXSourcesBuildPhase section */
		BA8F98D41F11BDF700D16523 /* Sources */ = {
			isa = PBXSourcesBuildPhase;
			buildActionMask = 2147483647;
			files = (
				BA7BE3571F1A4E0900451762 /* NSWindow_HAH.m in Sources */,
				BAEECA891F14AD6B0099000C /* HAHPageModel.m in Sources */,
				BA8F99141F12691F00D16523 /* HAHHomeViewController.m in Sources */,
				BA74317D1F3058C500713EA6 /* NSColor_HAH.m in Sources */,
				BA8F99191F126F0700D16523 /* HAHDataManager.m in Sources */,
				BAB76ADB1FB4579A0069F670 /* HAHCustomizeFile.m in Sources */,
				BA8F99111F12690500D16523 /* HAHViewController.m in Sources */,
				BAEECA8C1F14AD7C0099000C /* HAHModel.m in Sources */,
				BAEECA971F14C7830099000C /* HAHPageParser.m in Sources */,
				BA7BE3471F1A191300451762 /* HAHBrowserManager.m in Sources */,
				BAEECA941F14C5960099000C /* HAHEntityParser.m in Sources */,
				BAD86E541F99C1E300D19966 /* Foundation_Log.m in Sources */,
				BAB76ADA1FB4579A0069F670 /* HAHConfigurationFile.m in Sources */,
				BAB76ADC1FB4579A0069F670 /* HAHFile.m in Sources */,
				BA8F990C1F12688A00D16523 /* HAHEntityModel.m in Sources */,
				BA7BE3541F1A4B6400451762 /* NSView_HAH.m in Sources */,
				BA6AFD1B1F2DF2160020BCDD /* HAHEditViewController.m in Sources */,
				BA8F98E01F11BDF700D16523 /* main.m in Sources */,
				BAEECA861F14AD4B0099000C /* HAHGroupModel.m in Sources */,
				BAD86E531F987FB700D19966 /* NSObject_HAH.m in Sources */,
				BA23DB361F136E4100939AA8 /* GDataXMLNode.m in Sources */,
				BAEECA811F146D740099000C /* HAHConsoleManager.m in Sources */,
				BA7BE3621F1B23E000451762 /* HAHView.m in Sources */,
				BA7BE36C1F1BB65900451762 /* HAHPageCollectionViewItem.m in Sources */,
				BA23DB2D1F1356E300939AA8 /* HAHGlobalExtern.m in Sources */,
				BAEECA911F14C50F0099000C /* HAHParser.m in Sources */,
				BAD6BEF01F52F35D00C34C4F /* HAHConfigManager.m in Sources */,
				BA7BE3651F1B240100451762 /* HAHModelConfigView.m in Sources */,
				BA8F98DD1F11BDF700D16523 /* AppDelegate.m in Sources */,
				BA6AFD1E1F2DF22C0020BCDD /* HAHTableColumn.m in Sources */,
				BAD86E4F1F9878B800D19966 /* Aspects.m in Sources */,
				BAB76ADD1FB4579A0069F670 /* HAHGroupFile.m in Sources */,
				BA6AFD171F2DBCAF0020BCDD /* HAHCustomizeParser.m in Sources */,
				BAEECA9A1F14C7920099000C /* HAHConfigParser.m in Sources */,
				BA8038001F18FE7C00EE7A36 /* NSView+Extensions.m in Sources */,
				BAD6BEF31F52F57A00C34C4F /* HAHManager.m in Sources */,
				BA6AFD211F2E08D00020BCDD /* HAHTableViewCell.m in Sources */,
				BA7BE3711F1BB92600451762 /* NSString_HAH.m in Sources */,
				BA7BE34B1F1A295400451762 /* HAHWindowControllerManager.m in Sources */,
				BA7BE35C1F1A5BE200451762 /* NSTextField_HAH.m in Sources */,
			);
			runOnlyForDeploymentPostprocessing = 0;
		};
/* End PBXSourcesBuildPhase section */

/* Begin PBXTargetDependency section */
		BAEECA7C1F137D450099000C /* PBXTargetDependency */ = {
			isa = PBXTargetDependency;
			name = NMSSH;
			targetProxy = BAEECA7B1F137D450099000C /* PBXContainerItemProxy */;
		};
/* End PBXTargetDependency section */

/* Begin PBXVariantGroup section */
		BA8F98E61F11BDF700D16523 /* Main.storyboard */ = {
			isa = PBXVariantGroup;
			children = (
				BA8F98E71F11BDF700D16523 /* Base */,
			);
			name = Main.storyboard;
			sourceTree = "<group>";
		};
/* End PBXVariantGroup section */

/* Begin XCBuildConfiguration section */
		BA8F98EA1F11BDF700D16523 /* Debug */ = {
			isa = XCBuildConfiguration;
			buildSettings = {
				ALWAYS_SEARCH_USER_PATHS = NO;
				CLANG_ANALYZER_NONNULL = YES;
				CLANG_ANALYZER_NUMBER_OBJECT_CONVERSION = YES_AGGRESSIVE;
				CLANG_CXX_LANGUAGE_STANDARD = "gnu++0x";
				CLANG_CXX_LIBRARY = "libc++";
				CLANG_ENABLE_MODULES = YES;
				CLANG_ENABLE_OBJC_ARC = YES;
				CLANG_WARN_BLOCK_CAPTURE_AUTORELEASING = YES;
				CLANG_WARN_BOOL_CONVERSION = YES;
				CLANG_WARN_COMMA = YES;
				CLANG_WARN_CONSTANT_CONVERSION = YES;
				CLANG_WARN_DIRECT_OBJC_ISA_USAGE = YES_ERROR;
				CLANG_WARN_DOCUMENTATION_COMMENTS = YES;
				CLANG_WARN_EMPTY_BODY = YES;
				CLANG_WARN_ENUM_CONVERSION = YES;
				CLANG_WARN_INFINITE_RECURSION = YES;
				CLANG_WARN_INT_CONVERSION = YES;
				CLANG_WARN_NON_LITERAL_NULL_CONVERSION = YES;
				CLANG_WARN_OBJC_LITERAL_CONVERSION = YES;
				CLANG_WARN_OBJC_ROOT_CLASS = YES_ERROR;
				CLANG_WARN_RANGE_LOOP_ANALYSIS = YES;
				CLANG_WARN_STRICT_PROTOTYPES = YES;
				CLANG_WARN_SUSPICIOUS_MOVE = YES;
				CLANG_WARN_UNREACHABLE_CODE = YES;
				CLANG_WARN__DUPLICATE_METHOD_MATCH = YES;
				CODE_SIGN_IDENTITY = "-";
				COPY_PHASE_STRIP = NO;
				DEBUG_INFORMATION_FORMAT = dwarf;
				ENABLE_STRICT_OBJC_MSGSEND = YES;
				ENABLE_TESTABILITY = YES;
				GCC_C_LANGUAGE_STANDARD = gnu99;
				GCC_DYNAMIC_NO_PIC = NO;
				GCC_NO_COMMON_BLOCKS = YES;
				GCC_OPTIMIZATION_LEVEL = 0;
				GCC_PREPROCESSOR_DEFINITIONS = (
					"DEBUG=1",
					"$(inherited)",
				);
				GCC_WARN_64_TO_32_BIT_CONVERSION = YES;
				GCC_WARN_ABOUT_RETURN_TYPE = YES_ERROR;
				GCC_WARN_UNDECLARED_SELECTOR = YES;
				GCC_WARN_UNINITIALIZED_AUTOS = YES_AGGRESSIVE;
				GCC_WARN_UNUSED_FUNCTION = YES;
				GCC_WARN_UNUSED_VARIABLE = YES;
				MACOSX_DEPLOYMENT_TARGET = 10.12;
				MTL_ENABLE_DEBUG_INFO = YES;
				ONLY_ACTIVE_ARCH = YES;
				SDKROOT = macosx;
			};
			name = Debug;
		};
		BA8F98EB1F11BDF700D16523 /* Release */ = {
			isa = XCBuildConfiguration;
			buildSettings = {
				ALWAYS_SEARCH_USER_PATHS = NO;
				CLANG_ANALYZER_NONNULL = YES;
				CLANG_ANALYZER_NUMBER_OBJECT_CONVERSION = YES_AGGRESSIVE;
				CLANG_CXX_LANGUAGE_STANDARD = "gnu++0x";
				CLANG_CXX_LIBRARY = "libc++";
				CLANG_ENABLE_MODULES = YES;
				CLANG_ENABLE_OBJC_ARC = YES;
				CLANG_WARN_BLOCK_CAPTURE_AUTORELEASING = YES;
				CLANG_WARN_BOOL_CONVERSION = YES;
				CLANG_WARN_COMMA = YES;
				CLANG_WARN_CONSTANT_CONVERSION = YES;
				CLANG_WARN_DIRECT_OBJC_ISA_USAGE = YES_ERROR;
				CLANG_WARN_DOCUMENTATION_COMMENTS = YES;
				CLANG_WARN_EMPTY_BODY = YES;
				CLANG_WARN_ENUM_CONVERSION = YES;
				CLANG_WARN_INFINITE_RECURSION = YES;
				CLANG_WARN_INT_CONVERSION = YES;
				CLANG_WARN_NON_LITERAL_NULL_CONVERSION = YES;
				CLANG_WARN_OBJC_LITERAL_CONVERSION = YES;
				CLANG_WARN_OBJC_ROOT_CLASS = YES_ERROR;
				CLANG_WARN_RANGE_LOOP_ANALYSIS = YES;
				CLANG_WARN_STRICT_PROTOTYPES = YES;
				CLANG_WARN_SUSPICIOUS_MOVE = YES;
				CLANG_WARN_UNREACHABLE_CODE = YES;
				CLANG_WARN__DUPLICATE_METHOD_MATCH = YES;
				CODE_SIGN_IDENTITY = "-";
				COPY_PHASE_STRIP = NO;
				DEBUG_INFORMATION_FORMAT = "dwarf-with-dsym";
				ENABLE_NS_ASSERTIONS = NO;
				ENABLE_STRICT_OBJC_MSGSEND = YES;
				GCC_C_LANGUAGE_STANDARD = gnu99;
				GCC_NO_COMMON_BLOCKS = YES;
				GCC_WARN_64_TO_32_BIT_CONVERSION = YES;
				GCC_WARN_ABOUT_RETURN_TYPE = YES_ERROR;
				GCC_WARN_UNDECLARED_SELECTOR = YES;
				GCC_WARN_UNINITIALIZED_AUTOS = YES_AGGRESSIVE;
				GCC_WARN_UNUSED_FUNCTION = YES;
				GCC_WARN_UNUSED_VARIABLE = YES;
				MACOSX_DEPLOYMENT_TARGET = 10.12;
				MTL_ENABLE_DEBUG_INFO = NO;
				SDKROOT = macosx;
			};
			name = Release;
		};
		BA8F98ED1F11BDF700D16523 /* Debug */ = {
			isa = XCBuildConfiguration;
			buildSettings = {
				ASSETCATALOG_COMPILER_APPICON_NAME = AppIcon;
				COMBINE_HIDPI_IMAGES = YES;
				GCC_PRECOMPILE_PREFIX_HEADER = YES;
				GCC_PREFIX_HEADER = HomeassistantHelper/PrefixHeader.pch;
				HEADER_SEARCH_PATHS = "${SDK_ROOT}/usr/include/libxml2";
				INFOPLIST_FILE = HomeassistantHelper/Info.plist;
				LD_RUNPATH_SEARCH_PATHS = "$(inherited) @executable_path/../Frameworks";
				LIBRARY_SEARCH_PATHS = "";
				PRODUCT_BUNDLE_IDENTIFIER = com.HomeassistantHelper;
				PRODUCT_NAME = "$(TARGET_NAME)";
			};
			name = Debug;
		};
		BA8F98EE1F11BDF700D16523 /* Release */ = {
			isa = XCBuildConfiguration;
			buildSettings = {
				ASSETCATALOG_COMPILER_APPICON_NAME = AppIcon;
				COMBINE_HIDPI_IMAGES = YES;
				GCC_PRECOMPILE_PREFIX_HEADER = YES;
				GCC_PREFIX_HEADER = HomeassistantHelper/PrefixHeader.pch;
				HEADER_SEARCH_PATHS = "${SDK_ROOT}/usr/include/libxml2";
				INFOPLIST_FILE = HomeassistantHelper/Info.plist;
				LD_RUNPATH_SEARCH_PATHS = "$(inherited) @executable_path/../Frameworks";
				LIBRARY_SEARCH_PATHS = "";
				PRODUCT_BUNDLE_IDENTIFIER = com.HomeassistantHelper;
				PRODUCT_NAME = "$(TARGET_NAME)";
			};
			name = Release;
		};
/* End XCBuildConfiguration section */

/* Begin XCConfigurationList section */
		BA8F98D31F11BDF700D16523 /* Build configuration list for PBXProject "HomeassistantHelper" */ = {
			isa = XCConfigurationList;
			buildConfigurations = (
				BA8F98EA1F11BDF700D16523 /* Debug */,
				BA8F98EB1F11BDF700D16523 /* Release */,
			);
			defaultConfigurationIsVisible = 0;
			defaultConfigurationName = Release;
		};
		BA8F98EC1F11BDF700D16523 /* Build configuration list for PBXNativeTarget "HomeassistantHelper" */ = {
			isa = XCConfigurationList;
			buildConfigurations = (
				BA8F98ED1F11BDF700D16523 /* Debug */,
				BA8F98EE1F11BDF700D16523 /* Release */,
			);
			defaultConfigurationIsVisible = 0;
			defaultConfigurationName = Release;
		};
/* End XCConfigurationList section */
	};
	rootObject = BA8F98D01F11BDF700D16523 /* Project object */;
}
